
Microsoft Visual Studio Solution File, Format Version 12.00
# Visual Studio Version 16
VisualStudioVersion = 16.0.29709.97
MinimumVisualStudioVersion = 10.0.40219.1
Project("{FAE04EC0-301F-11D3-BF4B-00C04F79EFBC}") = "WebApp", "WebApp\WebApp.csproj", "{201B9F10-70C2-4315-9F52-9D4D048AF1EC}"
EndProject
Project("{FAE04EC0-301F-11D3-BF4B-00C04F79EFBC}") = "DBSystem", "DBSystem\DBSystem.csproj", "{B49D8E47-CFA9-4233-BAC0-99EA5EECAF99}"
EndProject
Global
	GlobalSection(SolutionConfigurationPlatforms) = preSolution
		Debug|Any CPU = Debug|Any CPU
		Release|Any CPU = Release|Any CPU
	EndGlobalSection
	GlobalSection(ProjectConfigurationPlatforms) = postSolution
		{201B9F10-70C2-4315-9F52-9D4D048AF1EC}.Debug|Any CPU.ActiveCfg = Debug|Any CPU
		{201B9F10-70C2-4315-9F52-9D4D048AF1EC}.Debug|Any CPU.Build.0 = Debug|Any CPU
		{201B9F10-70C2-4315-9F52-9D4D048AF1EC}.Release|Any CPU.ActiveCfg = Release|Any CPU
		{201B9F10-70C2-4315-9F52-9D4D048AF1EC}.Release|Any CPU.Build.0 = Release|Any CPU
		{B49D8E47-CFA9-4233-BAC0-99EA5EECAF99}.Debug|Any CPU.ActiveCfg = Debug|Any CPU
		{B49D8E47-CFA9-4233-BAC0-99EA5EECAF99}.Debug|Any CPU.Build.0 = Debug|Any CPU
		{B49D8E47-CFA9-4233-BAC0-99EA5EECAF99}.Release|Any CPU.ActiveCfg = Release|Any CPU
		{B49D8E47-CFA9-4233-BAC0-99EA5EECAF99}.Release|Any CPU.Build.0 = Release|Any CPU
	EndGlobalSection
	GlobalSection(SolutionProperties) = preSolution
		HideSolutionNode = FALSE
	EndGlobalSection
	GlobalSection(ExtensibilityGlobals) = postSolution
		SolutionGuid = {97FF2188-500B-47BC-AB62-5C9AD7501953}
	EndGlobalSection
EndGlobal
